
Microsoft Visual Studio Solution File, Format Version 12.00
# Visual Studio Version 16
VisualStudioVersion = 16.0.29209.62
MinimumVisualStudioVersion = 10.0.40219.1
Project("{FAE04EC0-301F-11D3-BF4B-00C04F79EFBC}") = "SumOf3", "SumOf3\SumOf3.csproj", "{2E7687B3-8BC6-4DC6-B745-F49FC9C797A3}"
EndProject
Global
	GlobalSection(SolutionConfigurationPlatforms) = preSolution
		Debug|Any CPU = Debug|Any CPU
		Release|Any CPU = Release|Any CPU
	EndGlobalSection
	GlobalSection(ProjectConfigurationPlatforms) = postSolution
		{2E7687B3-8BC6-4DC6-B745-F49FC9C797A3}.Debug|Any CPU.ActiveCfg = Debug|Any CPU
		{2E7687B3-8BC6-4DC6-B745-F49FC9C797A3}.Debug|Any CPU.Build.0 = Debug|Any CPU
		{2E7687B3-8BC6-4DC6-B745-F49FC9C797A3}.Release|Any CPU.ActiveCfg = Release|Any CPU
		{2E7687B3-8BC6-4DC6-B745-F49FC9C797A3}.Release|Any CPU.Build.0 = Release|Any CPU
	EndGlobalSection
	GlobalSection(SolutionProperties) = preSolution
		HideSolutionNode = FALSE
	EndGlobalSection
	GlobalSection(ExtensibilityGlobals) = postSolution
		SolutionGuid = {B4AF4296-7599-4CE2-AD0E-BA18BBC60A70}
	EndGlobalSection
EndGlobal
